PODS:
  - Alamofire (4.7.3)
  - Charts (3.1.1):
    - Charts/Core (= 3.1.1)
  - Charts/Core (3.1.1)
  - CLImagePickerTool (2.3.1)
  - HandyJSON (4.1.1)
  - Hero (1.2.0)
  - IQKeyboardManagerSwift (5.0.0)
  - Kingfisher (4.8.0)
  - LTMorphingLabel (0.5.6)
  - MJRefresh (3.1.15.3)
  - NVActivityIndicatorView (4.3.0):
    - NVActivityIndicatorView/Presenter (= 4.3.0)
  - NVActivityIndicatorView/Presenter (4.3.0)
  - SQLite.swift (0.11.5):
    - SQLite.swift/standard (= 0.11.5)
  - SQLite.swift/standard (0.11.5)
  - SwiftyUserDefaults (3.0.1)
  - TextFieldEffects (1.4.0)

DEPENDENCIES:
  - Alamofire
  - Charts
  - CLImagePickerTool
  - HandyJSON (~> 4.1.1)
  - Hero
  - IQKeyboardManagerSwift (= 5.0.0)
  - Kingfisher
  - LTMorphingLabel
  - MJRefresh
  - NVActivityIndicatorView
  - SQLite.swift
  - SwiftyUserDefaults
  - TextFieldEffects

SPEC REPOS:
  https://github.com/cocoapods/specs.git:
    - Alamofire
    - Charts
    - CLImagePickerTool
    - HandyJSON
    - Hero
    - IQKeyboardManagerSwift
    - Kingfisher
    - LTMorphingLabel
    - MJRefresh
    - NVActivityIndicatorView
    - SQLite.swift
    - SwiftyUserDefaults
    - TextFieldEffects

SPEC CHECKSUMS:
  Alamofire: c7287b6e5d7da964a70935e5db17046b7fde6568
  Charts: 90a4d61da0f6e06684c591e3bcab11940fe61736
  CLImagePickerTool: cb3bda742d5125943190523edeb3d4751e84cde3
  HandyJSON: 3a3de917c4118767ffe41c29b5acba23409649f4
  Hero: 33dadf2cd1c98af71e213dcbc2902e6e03622a4e
  IQKeyboardManagerSwift: 3f340202ebe1a7076279b9b9b3c817243ddb3aab
  Kingfisher: 976d828df2b24834c6a3f2fc4d82cdbd26552be1
  LTMorphingLabel: bdb51d4682e9822da89da6f567bd8aa456fd6650
  MJRefresh: b48380ae2b927b46c4ef000de9adb8dc748e1df7
  NVActivityIndicatorView: 963f62bf9f993fcf23218e55958e5b1761b9504c
  SQLite.swift: 6e5356850bb1791459f8c16d6ee9195b28714a2e
  SwiftyUserDefaults: 3d273b1739b68ada3145dc754a70ec775bc5c8be
  TextFieldEffects: 4ee41b5216e674d55fb6ac25107bf1af7629176f

PODFILE CHECKSUM: 3cdefb1c0739ce90a552b3e5ea981c538bfd184d

COCOAPODS: 1.5.3
