// !$*UTF8*$!
{
	archiveVersion = 1;
	classes = {
	};
	objectVersion = 50;
	objects = {

/* Begin PBXBuildFile section */
		2D2B44D7221BF8A100D0F19E /* MySiMiVC.swift in Sources */ = {isa = PBXBuildFile; fileRef = 2D2B44D6221BF8A100D0F19E /* MySiMiVC.swift */; };
		2D2B44D9221BF97300D0F19E /* HoppyImageVC.swift in Sources */ = {isa = PBXBuildFile; fileRef = 2D2B44D8221BF97300D0F19E /* HoppyImageVC.swift */; };
		2D2B44DB221BF9E400D0F19E /* ImageDetailVC.swift in Sources */ = {isa = PBXBuildFile; fileRef = 2D2B44DA221BF9E400D0F19E /* ImageDetailVC.swift */; };
		2D2B44DD221BFE1F00D0F19E /* ImageVC.swift in Sources */ = {isa = PBXBuildFile; fileRef = 2D2B44DC221BFE1F00D0F19E /* ImageVC.swift */; };
		2D3155C8221A902D00419C16 /* AppDelegate.swift in Sources */ = {isa = PBXBuildFile; fileRef = 2D3155C7221A902D00419C16 /* AppDelegate.swift */; };
		2D3155CA221A902D00419C16 /* ViewController.swift in Sources */ = {isa = PBXBuildFile; fileRef = 2D3155C9221A902D00419C16 /* ViewController.swift */; };
		2D3155CD221A902D00419C16 /* Main.storyboard in Resources */ = {isa = PBXBuildFile; fileRef = 2D3155CB221A902D00419C16 /* Main.storyboard */; };
		2D3155CF221A902F00419C16 /* Assets.xcassets in Resources */ = {isa = PBXBuildFile; fileRef = 2D3155CE221A902F00419C16 /* Assets.xcassets */; };
		2D3155D2221A902F00419C16 /* LaunchScreen.storyboard in Resources */ = {isa = PBXBuildFile; fileRef = 2D3155D0221A902F00419C16 /* LaunchScreen.storyboard */; };
		2D3155E4221AACC400419C16 /* UIImageView+LoadImg.swift in Sources */ = {isa = PBXBuildFile; fileRef = 2D3155DF221AACC400419C16 /* UIImageView+LoadImg.swift */; };
		2D3155E5221AACC400419C16 /* UITableViewCell+Utils.swift in Sources */ = {isa = PBXBuildFile; fileRef = 2D3155E0221AACC400419C16 /* UITableViewCell+Utils.swift */; };
		2D3155E6221AACC400419C16 /* UIViewController+Utils.swift in Sources */ = {isa = PBXBuildFile; fileRef = 2D3155E1221AACC400419C16 /* UIViewController+Utils.swift */; };
		2D3155E7221AACC400419C16 /* Sting+Utils.swift in Sources */ = {isa = PBXBuildFile; fileRef = 2D3155E2221AACC400419C16 /* Sting+Utils.swift */; };
		2D3155E8221AACC400419C16 /* UIView+IBInspectable.swift in Sources */ = {isa = PBXBuildFile; fileRef = 2D3155E3221AACC400419C16 /* UIView+IBInspectable.swift */; };
		2D31562D221AACFB00419C16 /* DNSPageContentView.swift in Sources */ = {isa = PBXBuildFile; fileRef = 2D3155EB221AACFA00419C16 /* DNSPageContentView.swift */; };
		2D31562E221AACFB00419C16 /* DNSPageHelper.swift in Sources */ = {isa = PBXBuildFile; fileRef = 2D3155EC221AACFA00419C16 /* DNSPageHelper.swift */; };
		2D31562F221AACFB00419C16 /* DNSPageView.swift in Sources */ = {isa = PBXBuildFile; fileRef = 2D3155EE221AACFA00419C16 /* DNSPageView.swift */; };
		2D315630221AACFB00419C16 /* DNSPageTitleView.swift in Sources */ = {isa = PBXBuildFile; fileRef = 2D3155EF221AACFA00419C16 /* DNSPageTitleView.swift */; };
		2D315631221AACFB00419C16 /* DNSPageViewManager.swift in Sources */ = {isa = PBXBuildFile; fileRef = 2D3155F0221AACFA00419C16 /* DNSPageViewManager.swift */; };
		2D315632221AACFB00419C16 /* DNSPageCollectionViewFlowLayout.swift in Sources */ = {isa = PBXBuildFile; fileRef = 2D3155F1221AACFA00419C16 /* DNSPageCollectionViewFlowLayout.swift */; };
		2D315633221AACFB00419C16 /* DNSPageStyle.swift in Sources */ = {isa = PBXBuildFile; fileRef = 2D3155F2221AACFA00419C16 /* DNSPageStyle.swift */; };
		2D315634221AACFB00419C16 /* CacheManager.swift in Sources */ = {isa = PBXBuildFile; fileRef = 2D3155F4221AACFA00419C16 /* CacheManager.swift */; };
		2D315635221AACFB00419C16 /* ConstraintMultiplierTarget.swift in Sources */ = {isa = PBXBuildFile; fileRef = 2D3155F6221AACFA00419C16 /* ConstraintMultiplierTarget.swift */; };
		2D315636221AACFB00419C16 /* LayoutConstraintItem.swift in Sources */ = {isa = PBXBuildFile; fileRef = 2D3155F7221AACFA00419C16 /* LayoutConstraintItem.swift */; };
		2D315637221AACFB00419C16 /* ConstraintDescription.swift in Sources */ = {isa = PBXBuildFile; fileRef = 2D3155F8221AACFA00419C16 /* ConstraintDescription.swift */; };
		2D315638221AACFB00419C16 /* ConstraintMakerPriortizable.swift in Sources */ = {isa = PBXBuildFile; fileRef = 2D3155F9221AACFB00419C16 /* ConstraintMakerPriortizable.swift */; };
		2D315639221AACFB00419C16 /* ConstraintAttributes.swift in Sources */ = {isa = PBXBuildFile; fileRef = 2D3155FA221AACFB00419C16 /* ConstraintAttributes.swift */; };
		2D31563A221AACFB00419C16 /* ConstraintViewDSL.swift in Sources */ = {isa = PBXBuildFile; fileRef = 2D3155FB221AACFB00419C16 /* ConstraintViewDSL.swift */; };
		2D31563B221AACFB00419C16 /* ConstraintPriorityTarget.swift in Sources */ = {isa = PBXBuildFile; fileRef = 2D3155FC221AACFB00419C16 /* ConstraintPriorityTarget.swift */; };
		2D31563C221AACFB00419C16 /* ConstraintInsets.swift in Sources */ = {isa = PBXBuildFile; fileRef = 2D3155FD221AACFB00419C16 /* ConstraintInsets.swift */; };
		2D31563D221AACFB00419C16 /* ConstraintMakerFinalizable.swift in Sources */ = {isa = PBXBuildFile; fileRef = 2D3155FE221AACFB00419C16 /* ConstraintMakerFinalizable.swift */; };
		2D31563E221AACFB00419C16 /* ConstraintDSL.swift in Sources */ = {isa = PBXBuildFile; fileRef = 2D3155FF221AACFB00419C16 /* ConstraintDSL.swift */; };
		2D31563F221AACFB00419C16 /* ConstraintMakerExtendable.swift in Sources */ = {isa = PBXBuildFile; fileRef = 2D315600221AACFB00419C16 /* ConstraintMakerExtendable.swift */; };
		2D315640221AACFB00419C16 /* ConstraintPriority.swift in Sources */ = {isa = PBXBuildFile; fileRef = 2D315601221AACFB00419C16 /* ConstraintPriority.swift */; };
		2D315641221AACFB00419C16 /* ConstraintInsetTarget.swift in Sources */ = {isa = PBXBuildFile; fileRef = 2D315602221AACFB00419C16 /* ConstraintInsetTarget.swift */; };
		2D315642221AACFB00419C16 /* ConstraintConfig.swift in Sources */ = {isa = PBXBuildFile; fileRef = 2D315604221AACFB00419C16 /* ConstraintConfig.swift */; };
		2D315643221AACFB00419C16 /* UILayoutSupport+Extensions.swift in Sources */ = {isa = PBXBuildFile; fileRef = 2D315605221AACFB00419C16 /* UILayoutSupport+Extensions.swift */; };
		2D315644221AACFB00419C16 /* ConstraintView.swift in Sources */ = {isa = PBXBuildFile; fileRef = 2D315606221AACFB00419C16 /* ConstraintView.swift */; };
		2D315645221AACFB00419C16 /* ConstraintLayoutGuide.swift in Sources */ = {isa = PBXBuildFile; fileRef = 2D315607221AACFB00419C16 /* ConstraintLayoutGuide.swift */; };
		2D315646221AACFB00419C16 /* ConstraintLayoutSupport.swift in Sources */ = {isa = PBXBuildFile; fileRef = 2D315608221AACFB00419C16 /* ConstraintLayoutSupport.swift */; };
		2D315647221AACFB00419C16 /* Typealiases.swift in Sources */ = {isa = PBXBuildFile; fileRef = 2D315609221AACFB00419C16 /* Typealiases.swift */; };
		2D315648221AACFB00419C16 /* ConstraintConstantTarget.swift in Sources */ = {isa = PBXBuildFile; fileRef = 2D31560A221AACFB00419C16 /* ConstraintConstantTarget.swift */; };
		2D315649221AACFB00419C16 /* ConstraintOffsetTarget.swift in Sources */ = {isa = PBXBuildFile; fileRef = 2D31560B221AACFB00419C16 /* ConstraintOffsetTarget.swift */; };
		2D31564A221AACFB00419C16 /* ConstraintMakerEditable.swift in Sources */ = {isa = PBXBuildFile; fileRef = 2D31560C221AACFB00419C16 /* ConstraintMakerEditable.swift */; };
		2D31564B221AACFB00419C16 /* ConstraintMaker.swift in Sources */ = {isa = PBXBuildFile; fileRef = 2D31560D221AACFB00419C16 /* ConstraintMaker.swift */; };
		2D31564C221AACFB00419C16 /* ConstraintRelation.swift in Sources */ = {isa = PBXBuildFile; fileRef = 2D31560E221AACFB00419C16 /* ConstraintRelation.swift */; };
		2D31564D221AACFB00419C16 /* ConstraintLayoutGuideDSL.swift in Sources */ = {isa = PBXBuildFile; fileRef = 2D31560F221AACFB00419C16 /* ConstraintLayoutGuideDSL.swift */; };
		2D31564E221AACFB00419C16 /* ConstraintView+Extensions.swift in Sources */ = {isa = PBXBuildFile; fileRef = 2D315610221AACFB00419C16 /* ConstraintView+Extensions.swift */; };
		2D31564F221AACFB00419C16 /* ConstraintItem.swift in Sources */ = {isa = PBXBuildFile; fileRef = 2D315611221AACFB00419C16 /* ConstraintItem.swift */; };
		2D315650221AACFB00419C16 /* Constraint.swift in Sources */ = {isa = PBXBuildFile; fileRef = 2D315612221AACFB00419C16 /* Constraint.swift */; };
		2D315651221AACFB00419C16 /* Debugging.swift in Sources */ = {isa = PBXBuildFile; fileRef = 2D315613221AACFB00419C16 /* Debugging.swift */; };
		2D315652221AACFB00419C16 /* ConstraintRelatableTarget.swift in Sources */ = {isa = PBXBuildFile; fileRef = 2D315614221AACFB00419C16 /* ConstraintRelatableTarget.swift */; };
		2D315653221AACFB00419C16 /* LayoutConstraint.swift in Sources */ = {isa = PBXBuildFile; fileRef = 2D315615221AACFB00419C16 /* LayoutConstraint.swift */; };
		2D315654221AACFB00419C16 /* ConstraintLayoutGuide+Extensions.swift in Sources */ = {isa = PBXBuildFile; fileRef = 2D315616221AACFB00419C16 /* ConstraintLayoutGuide+Extensions.swift */; };
		2D315655221AACFB00419C16 /* ConstraintLayoutSupportDSL.swift in Sources */ = {isa = PBXBuildFile; fileRef = 2D315617221AACFB00419C16 /* ConstraintLayoutSupportDSL.swift */; };
		2D315656221AACFB00419C16 /* ConstraintMakerRelatable.swift in Sources */ = {isa = PBXBuildFile; fileRef = 2D315618221AACFB00419C16 /* ConstraintMakerRelatable.swift */; };
		2D315657221AACFB00419C16 /* ResponseModel.swift in Sources */ = {isa = PBXBuildFile; fileRef = 2D31561A221AACFB00419C16 /* ResponseModel.swift */; };
		2D315658221AACFB00419C16 /* Network.swift in Sources */ = {isa = PBXBuildFile; fileRef = 2D31561B221AACFB00419C16 /* Network.swift */; };
		2D315659221AACFB00419C16 /* ApiManager.swift in Sources */ = {isa = PBXBuildFile; fileRef = 2D31561C221AACFB00419C16 /* ApiManager.swift */; };
		2D31565A221AACFB00419C16 /* Hud.swift in Sources */ = {isa = PBXBuildFile; fileRef = 2D31561D221AACFB00419C16 /* Hud.swift */; };
		2D31565B221AACFB00419C16 /* Utils.swift in Sources */ = {isa = PBXBuildFile; fileRef = 2D31561E221AACFB00419C16 /* Utils.swift */; };
		2D31565D221AACFB00419C16 /* BaseCollectionVC.swift in Sources */ = {isa = PBXBuildFile; fileRef = 2D315621221AACFB00419C16 /* BaseCollectionVC.swift */; };
		2D31565E221AACFB00419C16 /* MyTabbar.swift in Sources */ = {isa = PBXBuildFile; fileRef = 2D315622221AACFB00419C16 /* MyTabbar.swift */; };
		2D31565F221AACFB00419C16 /* MyCollectionViewLayout.swift in Sources */ = {isa = PBXBuildFile; fileRef = 2D315623221AACFB00419C16 /* MyCollectionViewLayout.swift */; };
		2D315660221AACFB00419C16 /* BMTagChooseView.swift in Sources */ = {isa = PBXBuildFile; fileRef = 2D315625221AACFB00419C16 /* BMTagChooseView.swift */; };
		2D315661221AACFB00419C16 /* BMTagChooseTopView.swift in Sources */ = {isa = PBXBuildFile; fileRef = 2D315626221AACFB00419C16 /* BMTagChooseTopView.swift */; };
		2D315662221AACFB00419C16 /* BaseVC.swift in Sources */ = {isa = PBXBuildFile; fileRef = 2D315627221AACFB00419C16 /* BaseVC.swift */; };
		2D315663221AACFB00419C16 /* DOFavoriteButton.swift in Sources */ = {isa = PBXBuildFile; fileRef = 2D315628221AACFB00419C16 /* DOFavoriteButton.swift */; };
		2D315664221AACFB00419C16 /* SCLAlertView.swift in Sources */ = {isa = PBXBuildFile; fileRef = 2D31562A221AACFB00419C16 /* SCLAlertView.swift */; };
		2D315665221AACFB00419C16 /* SCLExtensions.swift in Sources */ = {isa = PBXBuildFile; fileRef = 2D31562B221AACFB00419C16 /* SCLExtensions.swift */; };
		2D315666221AACFB00419C16 /* BaseTableVC.swift in Sources */ = {isa = PBXBuildFile; fileRef = 2D31562C221AACFB00419C16 /* BaseTableVC.swift */; };
		2D315669221AAD4B00419C16 /* ColorConst.swift in Sources */ = {isa = PBXBuildFile; fileRef = 2D315667221AAD4B00419C16 /* ColorConst.swift */; };
		2D31566A221AAD4B00419C16 /* Const.swift in Sources */ = {isa = PBXBuildFile; fileRef = 2D315668221AAD4B00419C16 /* Const.swift */; };
		2D315671221AAE8A00419C16 /* MeVC.swift in Sources */ = {isa = PBXBuildFile; fileRef = 2D315670221AAE8A00419C16 /* MeVC.swift */; };
		2D31567E221AB11400419C16 /* RealTimeWeatherModel.swift in Sources */ = {isa = PBXBuildFile; fileRef = 2D315673221AB11300419C16 /* RealTimeWeatherModel.swift */; };
		2D31567F221AB11400419C16 /* BMTag.swift in Sources */ = {isa = PBXBuildFile; fileRef = 2D315675221AB11300419C16 /* BMTag.swift */; };
		2D315680221AB11400419C16 /* BMFavorite.swift in Sources */ = {isa = PBXBuildFile; fileRef = 2D315676221AB11300419C16 /* BMFavorite.swift */; };
		2D315681221AB11400419C16 /* BMImage.swift in Sources */ = {isa = PBXBuildFile; fileRef = 2D315677221AB11300419C16 /* BMImage.swift */; };
		2D315682221AB11400419C16 /* MyHobbyModel.swift in Sources */ = {isa = PBXBuildFile; fileRef = 2D315679221AB11300419C16 /* MyHobbyModel.swift */; };
		2D315683221AB11400419C16 /* DTGroupsModel.swift in Sources */ = {isa = PBXBuildFile; fileRef = 2D31567B221AB11400419C16 /* DTGroupsModel.swift */; };
		2D315684221AB11400419C16 /* DTListModel.swift in Sources */ = {isa = PBXBuildFile; fileRef = 2D31567C221AB11400419C16 /* DTListModel.swift */; };
		2D315685221AB11400419C16 /* DTBaseModel.swift in Sources */ = {isa = PBXBuildFile; fileRef = 2D31567D221AB11400419C16 /* DTBaseModel.swift */; };
		2D315688221AB3C800419C16 /* ImageFlowCollectionCell.swift in Sources */ = {isa = PBXBuildFile; fileRef = 2D315686221AB3C800419C16 /* ImageFlowCollectionCell.swift */; };
		2D315689221AB3C800419C16 /* ImageFlowCollectionCell.xib in Resources */ = {isa = PBXBuildFile; fileRef = 2D315687221AB3C800419C16 /* ImageFlowCollectionCell.xib */; };
		37BA2E964959D4AE122AFBB8 /* Pods_LisApp.framework in Frameworks */ = {isa = PBXBuildFile; fileRef = 155AACD1D7C4196221BC9BC5 /* Pods_LisApp.framework */; };
/* End PBXBuildFile section */

/* Begin PBXFileReference section */
		155AACD1D7C4196221BC9BC5 /* Pods_LisApp.framework */ = {isa = PBXFileReference; explicitFileType = wrapper.framework; includeInIndex = 0; path = Pods_LisApp.framework; sourceTree = BUILT_PRODUCTS_DIR; };
		2D2B44D6221BF8A100D0F19E /* MySiMiVC.swift */ = {isa = PBXFileReference; lastKnownFileType = sourcecode.swift; path = MySiMiVC.swift; sourceTree = "<group>"; };
		2D2B44D8221BF97300D0F19E /* HoppyImageVC.swift */ = {isa = PBXFileReference; lastKnownFileType = sourcecode.swift; path = HoppyImageVC.swift; sourceTree = "<group>"; };
		2D2B44DA221BF9E400D0F19E /* ImageDetailVC.swift */ = {isa = PBXFileReference; lastKnownFileType = sourcecode.swift; path = ImageDetailVC.swift; sourceTree = "<group>"; };
		2D2B44DC221BFE1F00D0F19E /* ImageVC.swift */ = {isa = PBXFileReference; lastKnownFileType = sourcecode.swift; path = ImageVC.swift; sourceTree = "<group>"; };
		2D3155C4221A902D00419C16 /* LisApp.app */ = {isa = PBXFileReference; explicitFileType = wrapper.application; includeInIndex = 0; path = LisApp.app; sourceTree = BUILT_PRODUCTS_DIR; };
		2D3155C7221A902D00419C16 /* AppDelegate.swift */ = {isa = PBXFileReference; lastKnownFileType = sourcecode.swift; path = AppDelegate.swift; sourceTree = "<group>"; };
		2D3155C9221A902D00419C16 /* ViewController.swift */ = {isa = PBXFileReference; lastKnownFileType = sourcecode.swift; path = ViewController.swift; sourceTree = "<group>"; };
		2D3155CC221A902D00419C16 /* Base */ = {isa = PBXFileReference; lastKnownFileType = file.storyboard; name = Base; path = Base.lproj/Main.storyboard; sourceTree = "<group>"; };
		2D3155CE221A902F00419C16 /* Assets.xcassets */ = {isa = PBXFileReference; lastKnownFileType = folder.assetcatalog; path = Assets.xcassets; sourceTree = "<group>"; };
		2D3155D1221A902F00419C16 /* Base */ = {isa = PBXFileReference; lastKnownFileType = file.storyboard; name = Base; path = Base.lproj/LaunchScreen.storyboard; sourceTree = "<group>"; };
		2D3155D3221A902F00419C16 /* Info.plist */ = {isa = PBXFileReference; lastKnownFileType = text.plist.xml; path = Info.plist; sourceTree = "<group>"; };
		2D3155DF221AACC400419C16 /* UIImageView+LoadImg.swift */ = {isa = PBXFileReference; fileEncoding = 4; lastKnownFileType = sourcecode.swift; path = "UIImageView+LoadImg.swift"; sourceTree = "<group>"; };
		2D3155E0221AACC400419C16 /* UITableViewCell+Utils.swift */ = {isa = PBXFileReference; fileEncoding = 4; lastKnownFileType = sourcecode.swift; path = "UITableViewCell+Utils.swift"; sourceTree = "<group>"; };
		2D3155E1221AACC400419C16 /* UIViewController+Utils.swift */ = {isa = PBXFileReference; fileEncoding = 4; lastKnownFileType = sourcecode.swift; path = "UIViewController+Utils.swift"; sourceTree = "<group>"; };
		2D3155E2221AACC400419C16 /* Sting+Utils.swift */ = {isa = PBXFileReference; fileEncoding = 4; lastKnownFileType = sourcecode.swift; path = "Sting+Utils.swift"; sourceTree = "<group>"; };
		2D3155E3221AACC400419C16 /* UIView+IBInspectable.swift */ = {isa = PBXFileReference; fileEncoding = 4; lastKnownFileType = sourcecode.swift; path = "UIView+IBInspectable.swift"; sourceTree = "<group>"; };
		2D3155EB221AACFA00419C16 /* DNSPageContentView.swift */ = {isa = PBXFileReference; fileEncoding = 4; lastKnownFileType = sourcecode.swift; path = DNSPageContentView.swift; sourceTree = "<group>"; };
		2D3155EC221AACFA00419C16 /* DNSPageHelper.swift */ = {isa = PBXFileReference; fileEncoding = 4; lastKnownFileType = sourcecode.swift; path = DNSPageHelper.swift; sourceTree = "<group>"; };
		2D3155ED221AACFA00419C16 /* DNSPageView.h */ = {isa = PBXFileReference; fileEncoding = 4; lastKnownFileType = sourcecode.c.h; path = DNSPageView.h; sourceTree = "<group>"; };
		2D3155EE221AACFA00419C16 /* DNSPageView.swift */ = {isa = PBXFileReference; fileEncoding = 4; lastKnownFileType = sourcecode.swift; path = DNSPageView.swift; sourceTree = "<group>"; };
		2D3155EF221AACFA00419C16 /* DNSPageTitleView.swift */ = {isa = PBXFileReference; fileEncoding = 4; lastKnownFileType = sourcecode.swift; path = DNSPageTitleView.swift; sourceTree = "<group>"; };
		2D3155F0221AACFA00419C16 /* DNSPageViewManager.swift */ = {isa = PBXFileReference; fileEncoding = 4; lastKnownFileType = sourcecode.swift; path = DNSPageViewManager.swift; sourceTree = "<group>"; };
		2D3155F1221AACFA00419C16 /* DNSPageCollectionViewFlowLayout.swift */ = {isa = PBXFileReference; fileEncoding = 4; lastKnownFileType = sourcecode.swift; path = DNSPageCollectionViewFlowLayout.swift; sourceTree = "<group>"; };
		2D3155F2221AACFA00419C16 /* DNSPageStyle.swift */ = {isa = PBXFileReference; fileEncoding = 4; lastKnownFileType = sourcecode.swift; path = DNSPageStyle.swift; sourceTree = "<group>"; };
		2D3155F4221AACFA00419C16 /* CacheManager.swift */ = {isa = PBXFileReference; fileEncoding = 4; lastKnownFileType = sourcecode.swift; path = CacheManager.swift; sourceTree = "<group>"; };
		2D3155F6221AACFA00419C16 /* ConstraintMultiplierTarget.swift */ = {isa = PBXFileReference; fileEncoding = 4; lastKnownFileType = sourcecode.swift; path = ConstraintMultiplierTarget.swift; sourceTree = "<group>"; };
		2D3155F7221AACFA00419C16 /* LayoutConstraintItem.swift */ = {isa = PBXFileReference; fileEncoding = 4; lastKnownFileType = sourcecode.swift; path = LayoutConstraintItem.swift; sourceTree = "<group>"; };
		2D3155F8221AACFA00419C16 /* ConstraintDescription.swift */ = {isa = PBXFileReference; fileEncoding = 4; lastKnownFileType = sourcecode.swift; path = ConstraintDescription.swift; sourceTree = "<group>"; };
		2D3155F9221AACFB00419C16 /* ConstraintMakerPriortizable.swift */ = {isa = PBXFileReference; fileEncoding = 4; lastKnownFileType = sourcecode.swift; path = ConstraintMakerPriortizable.swift; sourceTree = "<group>"; };
		2D3155FA221AACFB00419C16 /* ConstraintAttributes.swift */ = {isa = PBXFileReference; fileEncoding = 4; lastKnownFileType = sourcecode.swift; path = ConstraintAttributes.swift; sourceTree = "<group>"; };
		2D3155FB221AACFB00419C16 /* ConstraintViewDSL.swift */ = {isa = PBXFileReference; fileEncoding = 4; lastKnownFileType = sourcecode.swift; path = ConstraintViewDSL.swift; sourceTree = "<group>"; };
		2D3155FC221AACFB00419C16 /* ConstraintPriorityTarget.swift */ = {isa = PBXFileReference; fileEncoding = 4; lastKnownFileType = sourcecode.swift; path = ConstraintPriorityTarget.swift; sourceTree = "<group>"; };
		2D3155FD221AACFB00419C16 /* ConstraintInsets.swift */ = {isa = PBXFileReference; fileEncoding = 4; lastKnownFileType = sourcecode.swift; path = ConstraintInsets.swift; sourceTree = "<group>"; };
		2D3155FE221AACFB00419C16 /* ConstraintMakerFinalizable.swift */ = {isa = PBXFileReference; fileEncoding = 4; lastKnownFileType = sourcecode.swift; path = ConstraintMakerFinalizable.swift; sourceTree = "<group>"; };
		2D3155FF221AACFB00419C16 /* ConstraintDSL.swift */ = {isa = PBXFileReference; fileEncoding = 4; lastKnownFileType = sourcecode.swift; path = ConstraintDSL.swift; sourceTree = "<group>"; };
		2D315600221AACFB00419C16 /* ConstraintMakerExtendable.swift */ = {isa = PBXFileReference; fileEncoding = 4; lastKnownFileType = sourcecode.swift; path = ConstraintMakerExtendable.swift; sourceTree = "<group>"; };
		2D315601221AACFB00419C16 /* ConstraintPriority.swift */ = {isa = PBXFileReference; fileEncoding = 4; lastKnownFileType = sourcecode.swift; path = ConstraintPriority.swift; sourceTree = "<group>"; };
		2D315602221AACFB00419C16 /* ConstraintInsetTarget.swift */ = {isa = PBXFileReference; fileEncoding = 4; lastKnownFileType = sourcecode.swift; path = ConstraintInsetTarget.swift; sourceTree = "<group>"; };
		2D315603221AACFB00419C16 /* SnapKit.h */ = {isa = PBXFileReference; fileEncoding = 4; lastKnownFileType = sourcecode.c.h; path = SnapKit.h; sourceTree = "<group>"; };
		2D315604221AACFB00419C16 /* ConstraintConfig.swift */ = {isa = PBXFileReference; fileEncoding = 4; lastKnownFileType = sourcecode.swift; path = ConstraintConfig.swift; sourceTree = "<group>"; };
		2D315605221AACFB00419C16 /* UILayoutSupport+Extensions.swift */ = {isa = PBXFileReference; fileEncoding = 4; lastKnownFileType = sourcecode.swift; path = "UILayoutSupport+Extensions.swift"; sourceTree = "<group>"; };
		2D315606221AACFB00419C16 /* ConstraintView.swift */ = {isa = PBXFileReference; fileEncoding = 4; lastKnownFileType = sourcecode.swift; path = ConstraintView.swift; sourceTree = "<group>"; };
		2D315607221AACFB00419C16 /* ConstraintLayoutGuide.swift */ = {isa = PBXFileReference; fileEncoding = 4; lastKnownFileType = sourcecode.swift; path = ConstraintLayoutGuide.swift; sourceTree = "<group>"; };
		2D315608221AACFB00419C16 /* ConstraintLayoutSupport.swift */ = {isa = PBXFileReference; fileEncoding = 4; lastKnownFileType = sourcecode.swift; path = ConstraintLayoutSupport.swift; sourceTree = "<group>"; };
		2D315609221AACFB00419C16 /* Typealiases.swift */ = {isa = PBXFileReference; fileEncoding = 4; lastKnownFileType = sourcecode.swift; path = Typealiases.swift; sourceTree = "<group>"; };
		2D31560A221AACFB00419C16 /* ConstraintConstantTarget.swift */ = {isa = PBXFileReference; fileEncoding = 4; lastKnownFileType = sourcecode.swift; path = ConstraintConstantTarget.swift; sourceTree = "<group>"; };
		2D31560B221AACFB00419C16 /* ConstraintOffsetTarget.swift */ = {isa = PBXFileReference; fileEncoding = 4; lastKnownFileType = sourcecode.swift; path = ConstraintOffsetTarget.swift; sourceTree = "<group>"; };
		2D31560C221AACFB00419C16 /* ConstraintMakerEditable.swift */ = {isa = PBXFileReference; fileEncoding = 4; lastKnownFileType = sourcecode.swift; path = ConstraintMakerEditable.swift; sourceTree = "<group>"; };
		2D31560D221AACFB00419C16 /* ConstraintMaker.swift */ = {isa = PBXFileReference; fileEncoding = 4; lastKnownFileType = sourcecode.swift; path = ConstraintMaker.swift; sourceTree = "<group>"; };
		2D31560E221AACFB00419C16 /* ConstraintRelation.swift */ = {isa = PBXFileReference; fileEncoding = 4; lastKnownFileType = sourcecode.swift; path = ConstraintRelation.swift; sourceTree = "<group>"; };
		2D31560F221AACFB00419C16 /* ConstraintLayoutGuideDSL.swift */ = {isa = PBXFileReference; fileEncoding = 4; lastKnownFileType = sourcecode.swift; path = ConstraintLayoutGuideDSL.swift; sourceTree = "<group>"; };
		2D315610221AACFB00419C16 /* ConstraintView+Extensions.swift */ = {isa = PBXFileReference; fileEncoding = 4; lastKnownFileType = sourcecode.swift; path = "ConstraintView+Extensions.swift"; sourceTree = "<group>"; };
		2D315611221AACFB00419C16 /* ConstraintItem.swift */ = {isa = PBXFileReference; fileEncoding = 4; lastKnownFileType = sourcecode.swift; path = ConstraintItem.swift; sourceTree = "<group>"; };
		2D315612221AACFB00419C16 /* Constraint.swift */ = {isa = PBXFileReference; fileEncoding = 4; lastKnownFileType = sourcecode.swift; path = Constraint.swift; sourceTree = "<group>"; };
		2D315613221AACFB00419C16 /* Debugging.swift */ = {isa = PBXFileReference; fileEncoding = 4; lastKnownFileType = sourcecode.swift; path = Debugging.swift; sourceTree = "<group>"; };
		2D315614221AACFB00419C16 /* ConstraintRelatableTarget.swift */ = {isa = PBXFileReference; fileEncoding = 4; lastKnownFileType = sourcecode.swift; path = ConstraintRelatableTarget.swift; sourceTree = "<group>"; };
		2D315615221AACFB00419C16 /* LayoutConstraint.swift */ = {isa = PBXFileReference; fileEncoding = 4; lastKnownFileType = sourcecode.swift; path = LayoutConstraint.swift; sourceTree = "<group>"; };
		2D315616221AACFB00419C16 /* ConstraintLayoutGuide+Extensions.swift */ = {isa = PBXFileReference; fileEncoding = 4; lastKnownFileType = sourcecode.swift; path = "ConstraintLayoutGuide+Extensions.swift"; sourceTree = "<group>"; };
		2D315617221AACFB00419C16 /* ConstraintLayoutSupportDSL.swift */ = {isa = PBXFileReference; fileEncoding = 4; lastKnownFileType = sourcecode.swift; path = ConstraintLayoutSupportDSL.swift; sourceTree = "<group>"; };
		2D315618221AACFB00419C16 /* ConstraintMakerRelatable.swift */ = {isa = PBXFileReference; fileEncoding = 4; lastKnownFileType = sourcecode.swift; path = ConstraintMakerRelatable.swift; sourceTree = "<group>"; };
		2D31561A221AACFB00419C16 /* ResponseModel.swift */ = {isa = PBXFileReference; fileEncoding = 4; lastKnownFileType = sourcecode.swift; path = ResponseModel.swift; sourceTree = "<group>"; };
		2D31561B221AACFB00419C16 /* Network.swift */ = {isa = PBXFileReference; fileEncoding = 4; lastKnownFileType = sourcecode.swift; path = Network.swift; sourceTree = "<group>"; };
		2D31561C221AACFB00419C16 /* ApiManager.swift */ = {isa = PBXFileReference; fileEncoding = 4; lastKnownFileType = sourcecode.swift; path = ApiManager.swift; sourceTree = "<group>"; };
		2D31561D221AACFB00419C16 /* Hud.swift */ = {isa = PBXFileReference; fileEncoding = 4; lastKnownFileType = sourcecode.swift; path = Hud.swift; sourceTree = "<group>"; };
		2D31561E221AACFB00419C16 /* Utils.swift */ = {isa = PBXFileReference; fileEncoding = 4; lastKnownFileType = sourcecode.swift; path = Utils.swift; sourceTree = "<group>"; };
		2D315621221AACFB00419C16 /* BaseCollectionVC.swift */ = {isa = PBXFileReference; fileEncoding = 4; lastKnownFileType = sourcecode.swift; path = BaseCollectionVC.swift; sourceTree = "<group>"; };
		2D315622221AACFB00419C16 /* MyTabbar.swift */ = {isa = PBXFileReference; fileEncoding = 4; lastKnownFileType = sourcecode.swift; path = MyTabbar.swift; sourceTree = "<group>"; };
		2D315623221AACFB00419C16 /* MyCollectionViewLayout.swift */ = {isa = PBXFileReference; fileEncoding = 4; lastKnownFileType = sourcecode.swift; path = MyCollectionViewLayout.swift; sourceTree = "<group>"; };
		2D315625221AACFB00419C16 /* BMTagChooseView.swift */ = {isa = PBXFileReference; fileEncoding = 4; lastKnownFileType = sourcecode.swift; path = BMTagChooseView.swift; sourceTree = "<group>"; };
		2D315626221AACFB00419C16 /* BMTagChooseTopView.swift */ = {isa = PBXFileReference; fileEncoding = 4; lastKnownFileType = sourcecode.swift; path = BMTagChooseTopView.swift; sourceTree = "<group>"; };
		2D315627221AACFB00419C16 /* BaseVC.swift */ = {isa = PBXFileReference; fileEncoding = 4; lastKnownFileType = sourcecode.swift; path = BaseVC.swift; sourceTree = "<group>"; };
		2D315628221AACFB00419C16 /* DOFavoriteButton.swift */ = {isa = PBXFileReference; fileEncoding = 4; lastKnownFileType = sourcecode.swift; path = DOFavoriteButton.swift; sourceTree = "<group>"; };
		2D31562A221AACFB00419C16 /* SCLAlertView.swift */ = {isa = PBXFileReference; fileEncoding = 4; lastKnownFileType = sourcecode.swift; path = SCLAlertView.swift; sourceTree = "<group>"; };
		2D31562B221AACFB00419C16 /* SCLExtensions.swift */ = {isa = PBXFileReference; fileEncoding = 4; lastKnownFileType = sourcecode.swift; path = SCLExtensions.swift; sourceTree = "<group>"; };
		2D31562C221AACFB00419C16 /* BaseTableVC.swift */ = {isa = PBXFileReference; fileEncoding = 4; lastKnownFileType = sourcecode.swift; path = BaseTableVC.swift; sourceTree = "<group>"; };
		2D315667221AAD4B00419C16 /* ColorConst.swift */ = {isa = PBXFileReference; fileEncoding = 4; lastKnownFileType = sourcecode.swift; path = ColorConst.swift; sourceTree = "<group>"; };
		2D315668221AAD4B00419C16 /* Const.swift */ = {isa = PBXFileReference; fileEncoding = 4; lastKnownFileType = sourcecode.swift; path = Const.swift; sourceTree = "<group>"; };
		2D315670221AAE8A00419C16 /* MeVC.swift */ = {isa = PBXFileReference; lastKnownFileType = sourcecode.swift; path = MeVC.swift; sourceTree = "<group>"; };
		2D315673221AB11300419C16 /* RealTimeWeatherModel.swift */ = {isa = PBXFileReference; fileEncoding = 4; lastKnownFileType = sourcecode.swift; path = RealTimeWeatherModel.swift; sourceTree = "<group>"; };
		2D315675221AB11300419C16 /* BMTag.swift */ = {isa = PBXFileReference; fileEncoding = 4; lastKnownFileType = sourcecode.swift; path = BMTag.swift; sourceTree = "<group>"; };
		2D315676221AB11300419C16 /* BMFavorite.swift */ = {isa = PBXFileReference; fileEncoding = 4; lastKnownFileType = sourcecode.swift; path = BMFavorite.swift; sourceTree = "<group>"; };
		2D315677221AB11300419C16 /* BMImage.swift */ = {isa = PBXFileReference; fileEncoding = 4; lastKnownFileType = sourcecode.swift; path = BMImage.swift; sourceTree = "<group>"; };
		2D315679221AB11300419C16 /* MyHobbyModel.swift */ = {isa = PBXFileReference; fileEncoding = 4; lastKnownFileType = sourcecode.swift; path = MyHobbyModel.swift; sourceTree = "<group>"; };
		2D31567B221AB11400419C16 /* DTGroupsModel.swift */ = {isa = PBXFileReference; fileEncoding = 4; lastKnownFileType = sourcecode.swift; path = DTGroupsModel.swift; sourceTree = "<group>"; };
		2D31567C221AB11400419C16 /* DTListModel.swift */ = {isa = PBXFileReference; fileEncoding = 4; lastKnownFileType = sourcecode.swift; path = DTListModel.swift; sourceTree = "<group>"; };
		2D31567D221AB11400419C16 /* DTBaseModel.swift */ = {isa = PBXFileReference; fileEncoding = 4; lastKnownFileType = sourcecode.swift; path = DTBaseModel.swift; sourceTree = "<group>"; };
		2D315686221AB3C800419C16 /* ImageFlowCollectionCell.swift */ = {isa = PBXFileReference; fileEncoding = 4; lastKnownFileType = sourcecode.swift; path = ImageFlowCollectionCell.swift; sourceTree = "<group>"; };
		2D315687221AB3C800419C16 /* ImageFlowCollectionCell.xib */ = {isa = PBXFileReference; fileEncoding = 4; lastKnownFileType = file.xib; path = ImageFlowCollectionCell.xib; sourceTree = "<group>"; };
		6AE987A7F0E85508DC1F64EB /* Pods-LisApp.debug.xcconfig */ = {isa = PBXFileReference; includeInIndex = 1; lastKnownFileType = text.xcconfig; name = "Pods-LisApp.debug.xcconfig"; path = "Pods/Target Support Files/Pods-LisApp/Pods-LisApp.debug.xcconfig"; sourceTree = "<group>"; };
		7938316A9B82199FC5618855 /* Pods-LisApp.release.xcconfig */ = {isa = PBXFileReference; includeInIndex = 1; lastKnownFileType = text.xcconfig; name = "Pods-LisApp.release.xcconfig"; path = "Pods/Target Support Files/Pods-LisApp/Pods-LisApp.release.xcconfig"; sourceTree = "<group>"; };
/* End PBXFileReference section */

/* Begin PBXFrameworksBuildPhase section */
		2D3155C1221A902D00419C16 /* Frameworks */ = {
			isa = PBXFrameworksBuildPhase;
			buildActionMask = 2147483647;
			files = (
				37BA2E964959D4AE122AFBB8 /* Pods_LisApp.framework in Frameworks */,
			);
			runOnlyForDeploymentPostprocessing = 0;
		};
/* End PBXFrameworksBuildPhase section */

/* Begin PBXGroup section */
		2D2B44D0221BF21900D0F19E /* 探索 */ = {
			isa = PBXGroup;
			children = (
				2D2B44DC221BFE1F00D0F19E /* ImageVC.swift */,
				2D2B44D5221BF72300D0F19E /* 相册 */,
				2D2B44DE221C035400D0F19E /* 水彩等 */,
			);
			path = "探索";
			sourceTree = "<group>";
		};
		2D2B44D1221BF21E00D0F19E /* 工具 */ = {
			isa = PBXGroup;
			children = (
			);
			path = "工具";
			sourceTree = "<group>";
		};
		2D2B44D5221BF72300D0F19E /* 相册 */ = {
			isa = PBXGroup;
			children = (
				2D2B44D6221BF8A100D0F19E /* MySiMiVC.swift */,
			);
			path = "相册";
			sourceTree = "<group>";
		};
		2D2B44DE221C035400D0F19E /* 水彩等 */ = {
			isa = PBXGroup;
			children = (
				2D2B44D8221BF97300D0F19E /* HoppyImageVC.swift */,
				2D2B44DA221BF9E400D0F19E /* ImageDetailVC.swift */,
			);
			path = "水彩等";
			sourceTree = "<group>";
		};
		2D3155BB221A902D00419C16 = {
			isa = PBXGroup;
			children = (
				2D3155C6221A902D00419C16 /* LisApp */,
				2D3155C5221A902D00419C16 /* Products */,
				770D8ADB4A572547F488EB01 /* Pods */,
				8DA27DE941D59243A6B5441B /* Frameworks */,
			);
			sourceTree = "<group>";
		};
		2D3155C5221A902D00419C16 /* Products */ = {
			isa = PBXGroup;
			children = (
				2D3155C4221A902D00419C16 /* LisApp.app */,
			);
			name = Products;
			sourceTree = "<group>";
		};
		2D3155C6221A902D00419C16 /* LisApp */ = {
			isa = PBXGroup;
			children = (
				2D3155DA221AABDB00419C16 /* UI */,
				2D3155DD221AACB700419C16 /* Utils */,
				2D3155DB221AABE300419C16 /* Model */,
				2D3155CE221A902F00419C16 /* Assets.xcassets */,
				2D3155D9221AABB000419C16 /* Supports */,
			);
			path = LisApp;
			sourceTree = "<group>";
		};
		2D3155D9221AABB000419C16 /* Supports */ = {
			isa = PBXGroup;
			children = (
				2D315667221AAD4B00419C16 /* ColorConst.swift */,
				2D315668221AAD4B00419C16 /* Const.swift */,
				2D3155C7221A902D00419C16 /* AppDelegate.swift */,
				2D3155D0221A902F00419C16 /* LaunchScreen.storyboard */,
				2D3155D3221A902F00419C16 /* Info.plist */,
				2D3155C9221A902D00419C16 /* ViewController.swift */,
			);
			path = Supports;
			sourceTree = "<group>";
		};
		2D3155DA221AABDB00419C16 /* UI */ = {
			isa = PBXGroup;
			children = (
				2D2B44D1221BF21E00D0F19E /* 工具 */,
				2D2B44D0221BF21900D0F19E /* 探索 */,
				2D315670221AAE8A00419C16 /* MeVC.swift */,
				2D3155CB221A902D00419C16 /* Main.storyboard */,
			);
			path = UI;
			sourceTree = "<group>";
		};
		2D3155DB221AABE300419C16 /* Model */ = {
			isa = PBXGroup;
			children = (
				2D31567A221AB11400419C16 /* 堆糖 */,
				2D315678221AB11300419C16 /* 首页兴趣 */,
				2D315672221AB11300419C16 /* 天气 */,
				2D315674221AB11300419C16 /* custom */,
			);
			path = Model;
			sourceTree = "<group>";
		};
		2D3155DD221AACB700419C16 /* Utils */ = {
			isa = PBXGroup;
			children = (
				2D31561E221AACFB00419C16 /* Utils.swift */,
				2D3155E9221AACFA00419C16 /* Tools */,
				2D31561F221AACFB00419C16 /* View */,
				2D31566B221AAD9600419C16 /* ViewController */,
				2D3155DE221AACC400419C16 /* Extension */,
			);
			path = Utils;
			sourceTree = "<group>";
		};
		2D3155DE221AACC400419C16 /* Extension */ = {
			isa = PBXGroup;
			children = (
				2D3155DF221AACC400419C16 /* UIImageView+LoadImg.swift */,
				2D3155E0221AACC400419C16 /* UITableViewCell+Utils.swift */,
				2D3155E1221AACC400419C16 /* UIViewController+Utils.swift */,
				2D3155E2221AACC400419C16 /* Sting+Utils.swift */,
				2D3155E3221AACC400419C16 /* UIView+IBInspectable.swift */,
			);
			path = Extension;
			sourceTree = "<group>";
		};
		2D3155E9221AACFA00419C16 /* Tools */ = {
			isa = PBXGroup;
			children = (
				2D3155EA221AACFA00419C16 /* DNSPageView */,
				2D3155F3221AACFA00419C16 /* Cache */,
				2D3155F5221AACFA00419C16 /* SnapKit */,
				2D315619221AACFB00419C16 /* Network */,
				2D31561D221AACFB00419C16 /* Hud.swift */,
			);
			path = Tools;
			sourceTree = "<group>";
		};
		2D3155EA221AACFA00419C16 /* DNSPageView */ = {
			isa = PBXGroup;
			children = (
				2D3155EB221AACFA00419C16 /* DNSPageContentView.swift */,
				2D3155EC221AACFA00419C16 /* DNSPageHelper.swift */,
				2D3155ED221AACFA00419C16 /* DNSPageView.h */,
				2D3155EE221AACFA00419C16 /* DNSPageView.swift */,
				2D3155EF221AACFA00419C16 /* DNSPageTitleView.swift */,
				2D3155F0221AACFA00419C16 /* DNSPageViewManager.swift */,
				2D3155F1221AACFA00419C16 /* DNSPageCollectionViewFlowLayout.swift */,
				2D3155F2221AACFA00419C16 /* DNSPageStyle.swift */,
			);
			path = DNSPageView;
			sourceTree = "<group>";
		};
		2D3155F3221AACFA00419C16 /* Cache */ = {
			isa = PBXGroup;
			children = (
				2D3155F4221AACFA00419C16 /* CacheManager.swift */,
			);
			path = Cache;
			sourceTree = "<group>";
		};
		2D3155F5221AACFA00419C16 /* SnapKit */ = {
			isa = PBXGroup;
			children = (
				2D3155F6221AACFA00419C16 /* ConstraintMultiplierTarget.swift */,
				2D3155F7221AACFA00419C16 /* LayoutConstraintItem.swift */,
				2D3155F8221AACFA00419C16 /* ConstraintDescription.swift */,
				2D3155F9221AACFB00419C16 /* ConstraintMakerPriortizable.swift */,
				2D3155FA221AACFB00419C16 /* ConstraintAttributes.swift */,
				2D3155FB221AACFB00419C16 /* ConstraintViewDSL.swift */,
				2D3155FC221AACFB00419C16 /* ConstraintPriorityTarget.swift */,
				2D3155FD221AACFB00419C16 /* ConstraintInsets.swift */,
				2D3155FE221AACFB00419C16 /* ConstraintMakerFinalizable.swift */,
				2D3155FF221AACFB00419C16 /* ConstraintDSL.swift */,
				2D315600221AACFB00419C16 /* ConstraintMakerExtendable.swift */,
				2D315601221AACFB00419C16 /* ConstraintPriority.swift */,
				2D315602221AACFB00419C16 /* ConstraintInsetTarget.swift */,
				2D315603221AACFB00419C16 /* SnapKit.h */,
				2D315604221AACFB00419C16 /* ConstraintConfig.swift */,
				2D315605221AACFB00419C16 /* UILayoutSupport+Extensions.swift */,
				2D315606221AACFB00419C16 /* ConstraintView.swift */,
				2D315607221AACFB00419C16 /* ConstraintLayoutGuide.swift */,
				2D315608221AACFB00419C16 /* ConstraintLayoutSupport.swift */,
				2D315609221AACFB00419C16 /* Typealiases.swift */,
				2D31560A221AACFB00419C16 /* ConstraintConstantTarget.swift */,
				2D31560B221AACFB00419C16 /* ConstraintOffsetTarget.swift */,
				2D31560C221AACFB00419C16 /* ConstraintMakerEditable.swift */,
				2D31560D221AACFB00419C16 /* ConstraintMaker.swift */,
				2D31560E221AACFB00419C16 /* ConstraintRelation.swift */,
				2D31560F221AACFB00419C16 /* ConstraintLayoutGuideDSL.swift */,
				2D315610221AACFB00419C16 /* ConstraintView+Extensions.swift */,
				2D315611221AACFB00419C16 /* ConstraintItem.swift */,
				2D315612221AACFB00419C16 /* Constraint.swift */,
				2D315613221AACFB00419C16 /* Debugging.swift */,
				2D315614221AACFB00419C16 /* ConstraintRelatableTarget.swift */,
				2D315615221AACFB00419C16 /* LayoutConstraint.swift */,
				2D315616221AACFB00419C16 /* ConstraintLayoutGuide+Extensions.swift */,
				2D315617221AACFB00419C16 /* ConstraintLayoutSupportDSL.swift */,
				2D315618221AACFB00419C16 /* ConstraintMakerRelatable.swift */,
			);
			path = SnapKit;
			sourceTree = "<group>";
		};
		2D315619221AACFB00419C16 /* Network */ = {
			isa = PBXGroup;
			children = (
				2D31561A221AACFB00419C16 /* ResponseModel.swift */,
				2D31561B221AACFB00419C16 /* Network.swift */,
				2D31561C221AACFB00419C16 /* ApiManager.swift */,
			);
			path = Network;
			sourceTree = "<group>";
		};
		2D31561F221AACFB00419C16 /* View */ = {
			isa = PBXGroup;
			children = (
				2D315628221AACFB00419C16 /* DOFavoriteButton.swift */,
				2D315624221AACFB00419C16 /* 选择标签 */,
				2D315629221AACFB00419C16 /* 弹出框 */,
			);
			path = View;
			sourceTree = "<group>";
		};
		2D315624221AACFB00419C16 /* 选择标签 */ = {
			isa = PBXGroup;
			children = (
				2D315625221AACFB00419C16 /* BMTagChooseView.swift */,
				2D315626221AACFB00419C16 /* BMTagChooseTopView.swift */,
			);
			path = "选择标签";
			sourceTree = "<group>";
		};
		2D315629221AACFB00419C16 /* 弹出框 */ = {
			isa = PBXGroup;
			children = (
				2D31562A221AACFB00419C16 /* SCLAlertView.swift */,
				2D31562B221AACFB00419C16 /* SCLExtensions.swift */,
			);
			path = "弹出框";
			sourceTree = "<group>";
		};
		2D31566B221AAD9600419C16 /* ViewController */ = {
			isa = PBXGroup;
			children = (
				2D315686221AB3C800419C16 /* ImageFlowCollectionCell.swift */,
				2D315687221AB3C800419C16 /* ImageFlowCollectionCell.xib */,
				2D315622221AACFB00419C16 /* MyTabbar.swift */,
				2D315621221AACFB00419C16 /* BaseCollectionVC.swift */,
				2D315623221AACFB00419C16 /* MyCollectionViewLayout.swift */,
				2D315627221AACFB00419C16 /* BaseVC.swift */,
				2D31562C221AACFB00419C16 /* BaseTableVC.swift */,
			);
			path = ViewController;
			sourceTree = "<group>";
		};
		2D315672221AB11300419C16 /* 天气 */ = {
			isa = PBXGroup;
			children = (
				2D315673221AB11300419C16 /* RealTimeWeatherModel.swift */,
			);
			path = "天气";
			sourceTree = "<group>";
		};
		2D315674221AB11300419C16 /* custom */ = {
			isa = PBXGroup;
			children = (
				2D315675221AB11300419C16 /* BMTag.swift */,
				2D315676221AB11300419C16 /* BMFavorite.swift */,
				2D315677221AB11300419C16 /* BMImage.swift */,
			);
			path = custom;
			sourceTree = "<group>";
		};
		2D315678221AB11300419C16 /* 首页兴趣 */ = {
			isa = PBXGroup;
			children = (
				2D315679221AB11300419C16 /* MyHobbyModel.swift */,
			);
			path = "首页兴趣";
			sourceTree = "<group>";
		};
		2D31567A221AB11400419C16 /* 堆糖 */ = {
			isa = PBXGroup;
			children = (
				2D31567B221AB11400419C16 /* DTGroupsModel.swift */,
				2D31567C221AB11400419C16 /* DTListModel.swift */,
				2D31567D221AB11400419C16 /* DTBaseModel.swift */,
			);
			path = "堆糖";
			sourceTree = "<group>";
		};
		770D8ADB4A572547F488EB01 /* Pods */ = {
			isa = PBXGroup;
			children = (
				6AE987A7F0E85508DC1F64EB /* Pods-LisApp.debug.xcconfig */,
				7938316A9B82199FC5618855 /* Pods-LisApp.release.xcconfig */,
			);
			name = Pods;
			sourceTree = "<group>";
		};
		8DA27DE941D59243A6B5441B /* Frameworks */ = {
			isa = PBXGroup;
			children = (
				155AACD1D7C4196221BC9BC5 /* Pods_LisApp.framework */,
			);
			name = Frameworks;
			sourceTree = "<group>";
		};
/* End PBXGroup section */

/* Begin PBXNativeTarget section */
		2D3155C3221A902D00419C16 /* LisApp */ = {
			isa = PBXNativeTarget;
			buildConfigurationList = 2D3155D6221A902F00419C16 /* Build configuration list for PBXNativeTarget "LisApp" */;
			buildPhases = (
				AB5D42B6F340E20A574144E4 /* [CP] Check Pods Manifest.lock */,
				2D3155C0221A902D00419C16 /* Sources */,
				2D3155C1221A902D00419C16 /* Frameworks */,
				2D3155C2221A902D00419C16 /* Resources */,
				2FE49E61A5008BF3C93CE59A /* [CP] Embed Pods Frameworks */,
			);
			buildRules = (
			);
			dependencies = (
			);
			name = LisApp;
			productName = LisApp;
			productReference = 2D3155C4221A902D00419C16 /* LisApp.app */;
			productType = "com.apple.product-type.application";
		};
/* End PBXNativeTarget section */

/* Begin PBXProject section */
		2D3155BC221A902D00419C16 /* Project object */ = {
			isa = PBXProject;
			attributes = {
				LastSwiftUpdateCheck = 1010;
				LastUpgradeCheck = 1010;
				ORGANIZATIONNAME = baymax;
				TargetAttributes = {
					2D3155C3221A902D00419C16 = {
						CreatedOnToolsVersion = 10.1;
					};
				};
			};
			buildConfigurationList = 2D3155BF221A902D00419C16 /* Build configuration list for PBXProject "LisApp" */;
			compatibilityVersion = "Xcode 9.3";
			developmentRegion = en;
			hasScannedForEncodings = 0;
			knownRegions = (
				en,
				Base,
			);
			mainGroup = 2D3155BB221A902D00419C16;
			productRefGroup = 2D3155C5221A902D00419C16 /* Products */;
			projectDirPath = "";
			projectRoot = "";
			targets = (
				2D3155C3221A902D00419C16 /* LisApp */,
			);
		};
/* End PBXProject section */

/* Begin PBXResourcesBuildPhase section */
		2D3155C2221A902D00419C16 /* Resources */ = {
			isa = PBXResourcesBuildPhase;
			buildActionMask = 2147483647;
			files = (
				2D3155D2221A902F00419C16 /* LaunchScreen.storyboard in Resources */,
				2D3155CF221A902F00419C16 /* Assets.xcassets in Resources */,
				2D3155CD221A902D00419C16 /* Main.storyboard in Resources */,
				2D315689221AB3C800419C16 /* ImageFlowCollectionCell.xib in Resources */,
			);
			runOnlyForDeploymentPostprocessing = 0;
		};
/* End PBXResourcesBuildPhase section */

/* Begin PBXShellScriptBuildPhase section */
		2FE49E61A5008BF3C93CE59A /* [CP] Embed Pods Frameworks */ = {
			isa = PBXShellScriptBuildPhase;
			buildActionMask = 2147483647;
			files = (
			);
			inputFileListPaths = (
			);
			inputPaths = (
				"${SRCROOT}/Pods/Target Support Files/Pods-LisApp/Pods-LisApp-frameworks.sh",
				"${BUILT_PRODUCTS_DIR}/Alamofire/Alamofire.framework",
				"${BUILT_PRODUCTS_DIR}/CLImagePickerTool/CLImagePickerTool.framework",
				"${BUILT_PRODUCTS_DIR}/Charts/Charts.framework",
				"${BUILT_PRODUCTS_DIR}/HandyJSON/HandyJSON.framework",
				"${BUILT_PRODUCTS_DIR}/Hero/Hero.framework",
				"${BUILT_PRODUCTS_DIR}/IQKeyboardManagerSwift/IQKeyboardManagerSwift.framework",
				"${BUILT_PRODUCTS_DIR}/Kingfisher/Kingfisher.framework",
				"${BUILT_PRODUCTS_DIR}/LTMorphingLabel/LTMorphingLabel.framework",
				"${BUILT_PRODUCTS_DIR}/MJRefresh/MJRefresh.framework",
				"${BUILT_PRODUCTS_DIR}/NVActivityIndicatorView/NVActivityIndicatorView.framework",
				"${BUILT_PRODUCTS_DIR}/SQLite.swift/SQLite.framework",
				"${BUILT_PRODUCTS_DIR}/SwiftyUserDefaults/SwiftyUserDefaults.framework",
				"${BUILT_PRODUCTS_DIR}/TextFieldEffects/TextFieldEffects.framework",
			);
			name = "[CP] Embed Pods Frameworks";
			outputFileListPaths = (
			);
			outputPaths = (
				"${TARGET_BUILD_DIR}/${FRAMEWORKS_FOLDER_PATH}/Alamofire.framework",
				"${TARGET_BUILD_DIR}/${FRAMEWORKS_FOLDER_PATH}/CLImagePickerTool.framework",
				"${TARGET_BUILD_DIR}/${FRAMEWORKS_FOLDER_PATH}/Charts.framework",
				"${TARGET_BUILD_DIR}/${FRAMEWORKS_FOLDER_PATH}/HandyJSON.framework",
				"${TARGET_BUILD_DIR}/${FRAMEWORKS_FOLDER_PATH}/Hero.framework",
				"${TARGET_BUILD_DIR}/${FRAMEWORKS_FOLDER_PATH}/IQKeyboardManagerSwift.framework",
				"${TARGET_BUILD_DIR}/${FRAMEWORKS_FOLDER_PATH}/Kingfisher.framework",
				"${TARGET_BUILD_DIR}/${FRAMEWORKS_FOLDER_PATH}/LTMorphingLabel.framework",
				"${TARGET_BUILD_DIR}/${FRAMEWORKS_FOLDER_PATH}/MJRefresh.framework",
				"${TARGET_BUILD_DIR}/${FRAMEWORKS_FOLDER_PATH}/NVActivityIndicatorView.framework",
				"${TARGET_BUILD_DIR}/${FRAMEWORKS_FOLDER_PATH}/SQLite.framework",
				"${TARGET_BUILD_DIR}/${FRAMEWORKS_FOLDER_PATH}/SwiftyUserDefaults.framework",
				"${TARGET_BUILD_DIR}/${FRAMEWORKS_FOLDER_PATH}/TextFieldEffects.framework",
			);
			runOnlyForDeploymentPostprocessing = 0;
			shellPath = /bin/sh;
			shellScript = "\"${SRCROOT}/Pods/Target Support Files/Pods-LisApp/Pods-LisApp-frameworks.sh\"\n";
			showEnvVarsInLog = 0;
		};
		AB5D42B6F340E20A574144E4 /* [CP] Check Pods Manifest.lock */ = {
			isa = PBXShellScriptBuildPhase;
			buildActionMask = 2147483647;
			files = (
			);
			inputFileListPaths = (
			);
			inputPaths = (
				"${PODS_PODFILE_DIR_PATH}/Podfile.lock",
				"${PODS_ROOT}/Manifest.lock",
			);
			name = "[CP] Check Pods Manifest.lock";
			outputFileListPaths = (
			);
			outputPaths = (
				"$(DERIVED_FILE_DIR)/Pods-LisApp-checkManifestLockResult.txt",
			);
			runOnlyForDeploymentPostprocessing = 0;
			shellPath = /bin/sh;
			shellScript = "diff \"${PODS_PODFILE_DIR_PATH}/Podfile.lock\" \"${PODS_ROOT}/Manifest.lock\" > /dev/null\nif [ $? != 0 ] ; then\n    # print error to STDERR\n    echo \"error: The sandbox is not in sync with the Podfile.lock. Run 'pod install' or update your CocoaPods installation.\" >&2\n    exit 1\nfi\n# This output is used by Xcode 'outputs' to avoid re-running this script phase.\necho \"SUCCESS\" > \"${SCRIPT_OUTPUT_FILE_0}\"\n";
			showEnvVarsInLog = 0;
		};
/* End PBXShellScriptBuildPhase section */

/* Begin PBXSourcesBuildPhase section */
		2D3155C0221A902D00419C16 /* Sources */ = {
			isa = PBXSourcesBuildPhase;
			buildActionMask = 2147483647;
			files = (
				2D315665221AACFB00419C16 /* SCLExtensions.swift in Sources */,
				2D315643221AACFB00419C16 /* UILayoutSupport+Extensions.swift in Sources */,
				2D315681221AB11400419C16 /* BMImage.swift in Sources */,
				2D315680221AB11400419C16 /* BMFavorite.swift in Sources */,
				2D315632221AACFB00419C16 /* DNSPageCollectionViewFlowLayout.swift in Sources */,
				2D315634221AACFB00419C16 /* CacheManager.swift in Sources */,
				2D3155CA221A902D00419C16 /* ViewController.swift in Sources */,
				2D31565A221AACFB00419C16 /* Hud.swift in Sources */,
				2D31562F221AACFB00419C16 /* DNSPageView.swift in Sources */,
				2D31566A221AAD4B00419C16 /* Const.swift in Sources */,
				2D31564D221AACFB00419C16 /* ConstraintLayoutGuideDSL.swift in Sources */,
				2D3155E7221AACC400419C16 /* Sting+Utils.swift in Sources */,
				2D315669221AAD4B00419C16 /* ColorConst.swift in Sources */,
				2D31563B221AACFB00419C16 /* ConstraintPriorityTarget.swift in Sources */,
				2D315659221AACFB00419C16 /* ApiManager.swift in Sources */,
				2D315685221AB11400419C16 /* DTBaseModel.swift in Sources */,
				2D315657221AACFB00419C16 /* ResponseModel.swift in Sources */,
				2D315688221AB3C800419C16 /* ImageFlowCollectionCell.swift in Sources */,
				2D315645221AACFB00419C16 /* ConstraintLayoutGuide.swift in Sources */,
				2D315633221AACFB00419C16 /* DNSPageStyle.swift in Sources */,
				2D315661221AACFB00419C16 /* BMTagChooseTopView.swift in Sources */,
				2D3155E4221AACC400419C16 /* UIImageView+LoadImg.swift in Sources */,
				2D315649221AACFB00419C16 /* ConstraintOffsetTarget.swift in Sources */,
				2D315630221AACFB00419C16 /* DNSPageTitleView.swift in Sources */,
				2D31563E221AACFB00419C16 /* ConstraintDSL.swift in Sources */,
				2D315642221AACFB00419C16 /* ConstraintConfig.swift in Sources */,
				2D31564E221AACFB00419C16 /* ConstraintView+Extensions.swift in Sources */,
				2D315636221AACFB00419C16 /* LayoutConstraintItem.swift in Sources */,
				2D31565E221AACFB00419C16 /* MyTabbar.swift in Sources */,
				2D31563D221AACFB00419C16 /* ConstraintMakerFinalizable.swift in Sources */,
				2D31564A221AACFB00419C16 /* ConstraintMakerEditable.swift in Sources */,
				2D31562D221AACFB00419C16 /* DNSPageContentView.swift in Sources */,
				2D2B44DB221BF9E400D0F19E /* ImageDetailVC.swift in Sources */,
				2D315647221AACFB00419C16 /* Typealiases.swift in Sources */,
				2D315648221AACFB00419C16 /* ConstraintConstantTarget.swift in Sources */,
				2D315666221AACFB00419C16 /* BaseTableVC.swift in Sources */,
				2D315641221AACFB00419C16 /* ConstraintInsetTarget.swift in Sources */,
				2D3155E8221AACC400419C16 /* UIView+IBInspectable.swift in Sources */,
				2D315683221AB11400419C16 /* DTGroupsModel.swift in Sources */,
				2D3155C8221A902D00419C16 /* AppDelegate.swift in Sources */,
				2D31563C221AACFB00419C16 /* ConstraintInsets.swift in Sources */,
				2D31565B221AACFB00419C16 /* Utils.swift in Sources */,
				2D315651221AACFB00419C16 /* Debugging.swift in Sources */,
				2D3155E5221AACC400419C16 /* UITableViewCell+Utils.swift in Sources */,
				2D31564B221AACFB00419C16 /* ConstraintMaker.swift in Sources */,
				2D315639221AACFB00419C16 /* ConstraintAttributes.swift in Sources */,
				2D315662221AACFB00419C16 /* BaseVC.swift in Sources */,
				2D315660221AACFB00419C16 /* BMTagChooseView.swift in Sources */,
				2D2B44D7221BF8A100D0F19E /* MySiMiVC.swift in Sources */,
				2D31567E221AB11400419C16 /* RealTimeWeatherModel.swift in Sources */,
				2D315635221AACFB00419C16 /* ConstraintMultiplierTarget.swift in Sources */,
				2D3155E6221AACC400419C16 /* UIViewController+Utils.swift in Sources */,
				2D2B44DD221BFE1F00D0F19E /* ImageVC.swift in Sources */,
				2D315682221AB11400419C16 /* MyHobbyModel.swift in Sources */,
				2D315664221AACFB00419C16 /* SCLAlertView.swift in Sources */,
				2D315671221AAE8A00419C16 /* MeVC.swift in Sources */,
				2D315656221AACFB00419C16 /* ConstraintMakerRelatable.swift in Sources */,
				2D315650221AACFB00419C16 /* Constraint.swift in Sources */,
				2D315638221AACFB00419C16 /* ConstraintMakerPriortizable.swift in Sources */,
				2D31565F221AACFB00419C16 /* MyCollectionViewLayout.swift in Sources */,
				2D31562E221AACFB00419C16 /* DNSPageHelper.swift in Sources */,
				2D315684221AB11400419C16 /* DTListModel.swift in Sources */,
				2D315644221AACFB00419C16 /* ConstraintView.swift in Sources */,
				2D31565D221AACFB00419C16 /* BaseCollectionVC.swift in Sources */,
				2D315631221AACFB00419C16 /* DNSPageViewManager.swift in Sources */,
				2D31564F221AACFB00419C16 /* ConstraintItem.swift in Sources */,
				2D315653221AACFB00419C16 /* LayoutConstraint.swift in Sources */,
				2D315637221AACFB00419C16 /* ConstraintDescription.swift in Sources */,
				2D31567F221AB11400419C16 /* BMTag.swift in Sources */,
				2D31563A221AACFB00419C16 /* ConstraintViewDSL.swift in Sources */,
				2D31563F221AACFB00419C16 /* ConstraintMakerExtendable.swift in Sources */,
				2D2B44D9221BF97300D0F19E /* HoppyImageVC.swift in Sources */,
				2D315663221AACFB00419C16 /* DOFavoriteButton.swift in Sources */,
				2D315658221AACFB00419C16 /* Network.swift in Sources */,
				2D315646221AACFB00419C16 /* ConstraintLayoutSupport.swift in Sources */,
				2D315654221AACFB00419C16 /* ConstraintLayoutGuide+Extensions.swift in Sources */,
				2D315655221AACFB00419C16 /* ConstraintLayoutSupportDSL.swift in Sources */,
				2D31564C221AACFB00419C16 /* ConstraintRelation.swift in Sources */,
				2D315652221AACFB00419C16 /* ConstraintRelatableTarget.swift in Sources */,
				2D315640221AACFB00419C16 /* ConstraintPriority.swift in Sources */,
			);
			runOnlyForDeploymentPostprocessing = 0;
		};
/* End PBXSourcesBuildPhase section */

/* Begin PBXVariantGroup section */
		2D3155CB221A902D00419C16 /* Main.storyboard */ = {
			isa = PBXVariantGroup;
			children = (
				2D3155CC221A902D00419C16 /* Base */,
			);
			name = Main.storyboard;
			sourceTree = "<group>";
		};
		2D3155D0221A902F00419C16 /* LaunchScreen.storyboard */ = {
			isa = PBXVariantGroup;
			children = (
				2D3155D1221A902F00419C16 /* Base */,
			);
			name = LaunchScreen.storyboard;
			sourceTree = "<group>";
		};
/* End PBXVariantGroup section */

/* Begin XCBuildConfiguration section */
		2D3155D4221A902F00419C16 /* Debug */ = {
			isa = XCBuildConfiguration;
			buildSettings = {
				ALWAYS_SEARCH_USER_PATHS = NO;
				CLANG_ANALYZER_NONNULL = YES;
				CLANG_ANALYZER_NUMBER_OBJECT_CONVERSION = YES_AGGRESSIVE;
				CLANG_CXX_LANGUAGE_STANDARD = "gnu++14";
				CLANG_CXX_LIBRARY = "libc++";
				CLANG_ENABLE_MODULES = YES;
				CLANG_ENABLE_OBJC_ARC = YES;
				CLANG_ENABLE_OBJC_WEAK = YES;
				CLANG_WARN_BLOCK_CAPTURE_AUTORELEASING = YES;
				CLANG_WARN_BOOL_CONVERSION = YES;
				CLANG_WARN_COMMA = YES;
				CLANG_WARN_CONSTANT_CONVERSION = YES;
				CLANG_WARN_DEPRECATED_OBJC_IMPLEMENTATIONS = YES;
				CLANG_WARN_DIRECT_OBJC_ISA_USAGE = YES_ERROR;
				CLANG_WARN_DOCUMENTATION_COMMENTS = YES;
				CLANG_WARN_EMPTY_BODY = YES;
				CLANG_WARN_ENUM_CONVERSION = YES;
				CLANG_WARN_INFINITE_RECURSION = YES;
				CLANG_WARN_INT_CONVERSION = YES;
				CLANG_WARN_NON_LITERAL_NULL_CONVERSION = YES;
				CLANG_WARN_OBJC_IMPLICIT_RETAIN_SELF = YES;
				CLANG_WARN_OBJC_LITERAL_CONVERSION = YES;
				CLANG_WARN_OBJC_ROOT_CLASS = YES_ERROR;
				CLANG_WARN_RANGE_LOOP_ANALYSIS = YES;
				CLANG_WARN_STRICT_PROTOTYPES = YES;
				CLANG_WARN_SUSPICIOUS_MOVE = YES;
				CLANG_WARN_UNGUARDED_AVAILABILITY = YES_AGGRESSIVE;
				CLANG_WARN_UNREACHABLE_CODE = YES;
				CLANG_WARN__DUPLICATE_METHOD_MATCH = YES;
				CODE_SIGN_IDENTITY = "iPhone Developer";
				COPY_PHASE_STRIP = NO;
				DEBUG_INFORMATION_FORMAT = dwarf;
				ENABLE_STRICT_OBJC_MSGSEND = YES;
				ENABLE_TESTABILITY = YES;
				GCC_C_LANGUAGE_STANDARD = gnu11;
				GCC_DYNAMIC_NO_PIC = NO;
				GCC_NO_COMMON_BLOCKS = YES;
				GCC_OPTIMIZATION_LEVEL = 0;
				GCC_PREPROCESSOR_DEFINITIONS = (
					"DEBUG=1",
					"$(inherited)",
				);
				GCC_WARN_64_TO_32_BIT_CONVERSION = YES;
				GCC_WARN_ABOUT_RETURN_TYPE = YES_ERROR;
				GCC_WARN_UNDECLARED_SELECTOR = YES;
				GCC_WARN_UNINITIALIZED_AUTOS = YES_AGGRESSIVE;
				GCC_WARN_UNUSED_FUNCTION = YES;
				GCC_WARN_UNUSED_VARIABLE = YES;
				IPHONEOS_DEPLOYMENT_TARGET = 12.1;
				MTL_ENABLE_DEBUG_INFO = INCLUDE_SOURCE;
				MTL_FAST_MATH = YES;
				ONLY_ACTIVE_ARCH = YES;
				SDKROOT = iphoneos;
				SWIFT_ACTIVE_COMPILATION_CONDITIONS = DEBUG;
				SWIFT_OPTIMIZATION_LEVEL = "-Onone";
			};
			name = Debug;
		};
		2D3155D5221A902F00419C16 /* Release */ = {
			isa = XCBuildConfiguration;
			buildSettings = {
				ALWAYS_SEARCH_USER_PATHS = NO;
				CLANG_ANALYZER_NONNULL = YES;
				CLANG_ANALYZER_NUMBER_OBJECT_CONVERSION = YES_AGGRESSIVE;
				CLANG_CXX_LANGUAGE_STANDARD = "gnu++14";
				CLANG_CXX_LIBRARY = "libc++";
				CLANG_ENABLE_MODULES = YES;
				CLANG_ENABLE_OBJC_ARC = YES;
				CLANG_ENABLE_OBJC_WEAK = YES;
				CLANG_WARN_BLOCK_CAPTURE_AUTORELEASING = YES;
				CLANG_WARN_BOOL_CONVERSION = YES;
				CLANG_WARN_COMMA = YES;
				CLANG_WARN_CONSTANT_CONVERSION = YES;
				CLANG_WARN_DEPRECATED_OBJC_IMPLEMENTATIONS = YES;
				CLANG_WARN_DIRECT_OBJC_ISA_USAGE = YES_ERROR;
				CLANG_WARN_DOCUMENTATION_COMMENTS = YES;
				CLANG_WARN_EMPTY_BODY = YES;
				CLANG_WARN_ENUM_CONVERSION = YES;
				CLANG_WARN_INFINITE_RECURSION = YES;
				CLANG_WARN_INT_CONVERSION = YES;
				CLANG_WARN_NON_LITERAL_NULL_CONVERSION = YES;
				CLANG_WARN_OBJC_IMPLICIT_RETAIN_SELF = YES;
				CLANG_WARN_OBJC_LITERAL_CONVERSION = YES;
				CLANG_WARN_OBJC_ROOT_CLASS = YES_ERROR;
				CLANG_WARN_RANGE_LOOP_ANALYSIS = YES;
				CLANG_WARN_STRICT_PROTOTYPES = YES;
				CLANG_WARN_SUSPICIOUS_MOVE = YES;
				CLANG_WARN_UNGUARDED_AVAILABILITY = YES_AGGRESSIVE;
				CLANG_WARN_UNREACHABLE_CODE = YES;
				CLANG_WARN__DUPLICATE_METHOD_MATCH = YES;
				CODE_SIGN_IDENTITY = "iPhone Developer";
				COPY_PHASE_STRIP = NO;
				DEBUG_INFORMATION_FORMAT = "dwarf-with-dsym";
				ENABLE_NS_ASSERTIONS = NO;
				ENABLE_STRICT_OBJC_MSGSEND = YES;
				GCC_C_LANGUAGE_STANDARD = gnu11;
				GCC_NO_COMMON_BLOCKS = YES;
				GCC_WARN_64_TO_32_BIT_CONVERSION = YES;
				GCC_WARN_ABOUT_RETURN_TYPE = YES_ERROR;
				GCC_WARN_UNDECLARED_SELECTOR = YES;
				GCC_WARN_UNINITIALIZED_AUTOS = YES_AGGRESSIVE;
				GCC_WARN_UNUSED_FUNCTION = YES;
				GCC_WARN_UNUSED_VARIABLE = YES;
				IPHONEOS_DEPLOYMENT_TARGET = 12.1;
				MTL_ENABLE_DEBUG_INFO = NO;
				MTL_FAST_MATH = YES;
				SDKROOT = iphoneos;
				SWIFT_COMPILATION_MODE = wholemodule;
				SWIFT_OPTIMIZATION_LEVEL = "-O";
				VALIDATE_PRODUCT = YES;
			};
			name = Release;
		};
		2D3155D7221A902F00419C16 /* Debug */ = {
			isa = XCBuildConfiguration;
			baseConfigurationReference = 6AE987A7F0E85508DC1F64EB /* Pods-LisApp.debug.xcconfig */;
			buildSettings = {
				ASSETCATALOG_COMPILER_APPICON_NAME = AppIcon;
				CODE_SIGN_STYLE = Automatic;
				DEVELOPMENT_TEAM = 34BD4U8K6Y;
				INFOPLIST_FILE = "$(SRCROOT)/LisApp/Supports/Info.plist";
				LD_RUNPATH_SEARCH_PATHS = (
					"$(inherited)",
					"@executable_path/Frameworks",
				);
				PRODUCT_BUNDLE_IDENTIFIER = com.yimi.test233;
				PRODUCT_NAME = "$(TARGET_NAME)";
				SWIFT_VERSION = 4.2;
				TARGETED_DEVICE_FAMILY = "1,2";
			};
			name = Debug;
		};
		2D3155D8221A902F00419C16 /* Release */ = {
			isa = XCBuildConfiguration;
			baseConfigurationReference = 7938316A9B82199FC5618855 /* Pods-LisApp.release.xcconfig */;
			buildSettings = {
				ASSETCATALOG_COMPILER_APPICON_NAME = AppIcon;
				CODE_SIGN_STYLE = Automatic;
				DEVELOPMENT_TEAM = 34BD4U8K6Y;
				INFOPLIST_FILE = "$(SRCROOT)/LisApp/Supports/Info.plist";
				LD_RUNPATH_SEARCH_PATHS = (
					"$(inherited)",
					"@executable_path/Frameworks",
				);
				PRODUCT_BUNDLE_IDENTIFIER = com.yimi.test233;
				PRODUCT_NAME = "$(TARGET_NAME)";
				SWIFT_VERSION = 4.2;
				TARGETED_DEVICE_FAMILY = "1,2";
			};
			name = Release;
		};
/* End XCBuildConfiguration section */

/* Begin XCConfigurationList section */
		2D3155BF221A902D00419C16 /* Build configuration list for PBXProject "LisApp" */ = {
			isa = XCConfigurationList;
			buildConfigurations = (
				2D3155D4221A902F00419C16 /* Debug */,
				2D3155D5221A902F00419C16 /* Release */,
			);
			defaultConfigurationIsVisible = 0;
			defaultConfigurationName = Release;
		};
		2D3155D6221A902F00419C16 /* Build configuration list for PBXNativeTarget "LisApp" */ = {
			isa = XCConfigurationList;
			buildConfigurations = (
				2D3155D7221A902F00419C16 /* Debug */,
				2D3155D8221A902F00419C16 /* Release */,
			);
			defaultConfigurationIsVisible = 0;
			defaultConfigurationName = Release;
		};
/* End XCConfigurationList section */
	};
	rootObject = 2D3155BC221A902D00419C16 /* Project object */;
}
