PODS:
  - Alamofire (4.8.1)
  - Charts (3.2.2):
    - Charts/Core (= 3.2.2)
  - Charts/Core (3.2.2)
  - CLImagePickerTool (3.0.2)
  - HandyJSON (5.0.0-beta.1)
  - Hero (1.4.0)
  - IQKeyboardManagerSwift (6.2.0)
  - Kingfisher (5.2.0)
  - LTMorphingLabel (0.6.0)
  - Masonry (1.1.0)
  - MJRefresh (3.1.15.7)
  - NVActivityIndicatorView (4.6.1):
    - NVActivityIndicatorView/Presenter (= 4.6.1)
  - NVActivityIndicatorView/Presenter (4.6.1)
  - Reachability (3.2)
  - SJAttributesFactory (2.0.5)
  - SJBaseVideoPlayer (2.2.3):
    - Masonry
    - Reachability
    - SJBaseVideoPlayer/Header (= 2.2.3)
    - SJBaseVideoPlayer/Model (= 2.2.3)
    - SJBaseVideoPlayer/SJAVMediaPlaybackController (= 2.2.3)
    - SJBaseVideoPlayer/SJDeviceVolumeAndBrightnessManager (= 2.2.3)
    - SJBaseVideoPlayer/SJPrompt (= 2.2.3)
    - SJBaseVideoPlayer/SJRotationManager (= 2.2.3)
    - SJBaseVideoPlayer/Tool (= 2.2.3)
    - SJObserverHelper
  - SJBaseVideoPlayer/Header (2.2.3):
    - Masonry
    - Reachability
    - SJObserverHelper
  - SJBaseVideoPlayer/Model (2.2.3):
    - Masonry
    - Reachability
    - SJBaseVideoPlayer/Header
    - SJObserverHelper
  - SJBaseVideoPlayer/SJAVMediaPlaybackController (2.2.3):
    - Masonry
    - Reachability
    - SJBaseVideoPlayer/SJAVMediaPlaybackController/Core (= 2.2.3)
    - SJBaseVideoPlayer/Tool
    - SJObserverHelper
  - SJBaseVideoPlayer/SJAVMediaPlaybackController/Core (2.2.3):
    - Masonry
    - Reachability
    - SJBaseVideoPlayer/Tool
    - SJObserverHelper
  - SJBaseVideoPlayer/SJDeviceVolumeAndBrightnessManager (2.2.3):
    - Masonry
    - Reachability
    - SJBaseVideoPlayer/Header
    - SJBaseVideoPlayer/SJDeviceVolumeAndBrightnessManager/Core (= 2.2.3)
    - SJBaseVideoPlayer/SJDeviceVolumeAndBrightnessManager/ResourceLoader (= 2.2.3)
    - SJObserverHelper
  - SJBaseVideoPlayer/SJDeviceVolumeAndBrightnessManager/Core (2.2.3):
    - Masonry
    - Reachability
    - SJBaseVideoPlayer/Header
    - SJBaseVideoPlayer/SJDeviceVolumeAndBrightnessManager/ResourceLoader
    - SJObserverHelper
  - SJBaseVideoPlayer/SJDeviceVolumeAndBrightnessManager/ResourceLoader (2.2.3):
    - Masonry
    - Reachability
    - SJBaseVideoPlayer/Header
    - SJObserverHelper
  - SJBaseVideoPlayer/SJPrompt (2.2.3):
    - Masonry
    - Reachability
    - SJObserverHelper
  - SJBaseVideoPlayer/SJRotationManager (2.2.3):
    - Masonry
    - Reachability
    - SJBaseVideoPlayer/Header
    - SJObserverHelper
  - SJBaseVideoPlayer/Tool (2.2.3):
    - Masonry
    - Reachability
    - SJBaseVideoPlayer/Header
    - SJBaseVideoPlayer/Model
    - SJObserverHelper
  - SJObserverHelper (1.0.8)
  - SJVideoPlayer (2.4.7):
    - Masonry
    - SJAttributesFactory
    - SJBaseVideoPlayer (>= 2.2.2)
    - SJVideoPlayer/Adapters (= 2.4.7)
    - SJVideoPlayer/Common (= 2.4.7)
    - SJVideoPlayer/Settings (= 2.4.7)
    - SJVideoPlayer/SJEdgeControlLayer (= 2.4.7)
    - SJVideoPlayer/SJFilmEditingControlLayer (= 2.4.7)
    - SJVideoPlayer/SJLoadFailedControlLayer (= 2.4.7)
    - SJVideoPlayer/SJLoadingView (= 2.4.7)
    - SJVideoPlayer/SJMoreSettingControlLayer (= 2.4.7)
    - SJVideoPlayer/SJNotReachableControlLayer (= 2.4.7)
    - SJVideoPlayer/SJProgressSlider (= 2.4.7)
    - SJVideoPlayer/Switcher (= 2.4.7)
  - SJVideoPlayer/Adapters (2.4.7):
    - Masonry
    - SJAttributesFactory
    - SJBaseVideoPlayer (>= 2.2.2)
    - SJVideoPlayer/Common
  - SJVideoPlayer/Common (2.4.7):
    - Masonry
    - SJAttributesFactory
    - SJBaseVideoPlayer (>= 2.2.2)
  - SJVideoPlayer/Settings (2.4.7):
    - Masonry
    - SJAttributesFactory
    - SJBaseVideoPlayer (>= 2.2.2)
    - SJVideoPlayer/SJEdgeControlLayer/ResourceLoader
    - SJVideoPlayer/SJFilmEditingControlLayer/ResourceLoader
  - SJVideoPlayer/SJEdgeControlLayer (2.4.7):
    - Masonry
    - SJAttributesFactory
    - SJBaseVideoPlayer (>= 2.2.2)
    - SJVideoPlayer/Adapters
    - SJVideoPlayer/Common
    - SJVideoPlayer/SJEdgeControlLayer/ResourceLoader (= 2.4.7)
    - SJVideoPlayer/SJEdgeControlLayer/View (= 2.4.7)
    - SJVideoPlayer/SJLoadingView
    - SJVideoPlayer/SJProgressSlider
    - SJVideoPlayer/Switcher
  - SJVideoPlayer/SJEdgeControlLayer/ResourceLoader (2.4.7):
    - Masonry
    - SJAttributesFactory
    - SJBaseVideoPlayer (>= 2.2.2)
    - SJVideoPlayer/Adapters
    - SJVideoPlayer/Common
    - SJVideoPlayer/SJLoadingView
    - SJVideoPlayer/SJProgressSlider
    - SJVideoPlayer/Switcher
  - SJVideoPlayer/SJEdgeControlLayer/View (2.4.7):
    - Masonry
    - SJAttributesFactory
    - SJBaseVideoPlayer (>= 2.2.2)
    - SJVideoPlayer/Adapters
    - SJVideoPlayer/Common
    - SJVideoPlayer/SJEdgeControlLayer/ResourceLoader
    - SJVideoPlayer/SJLoadingView
    - SJVideoPlayer/SJProgressSlider
    - SJVideoPlayer/Switcher
  - SJVideoPlayer/SJFilmEditingControlLayer (2.4.7):
    - Masonry
    - SJAttributesFactory
    - SJBaseVideoPlayer (>= 2.2.2)
    - SJVideoPlayer/Adapters
    - SJVideoPlayer/SJFilmEditingControlLayer/Core (= 2.4.7)
    - SJVideoPlayer/SJFilmEditingControlLayer/ResourceLoader (= 2.4.7)
    - SJVideoPlayer/SJProgressSlider
    - SJVideoPlayer/Switcher
  - SJVideoPlayer/SJFilmEditingControlLayer/Core (2.4.7):
    - Masonry
    - SJAttributesFactory
    - SJBaseVideoPlayer (>= 2.2.2)
    - SJVideoPlayer/Adapters
    - SJVideoPlayer/SJFilmEditingControlLayer/ResourceLoader
    - SJVideoPlayer/SJProgressSlider
    - SJVideoPlayer/Switcher
  - SJVideoPlayer/SJFilmEditingControlLayer/ResourceLoader (2.4.7):
    - Masonry
    - SJAttributesFactory
    - SJBaseVideoPlayer (>= 2.2.2)
    - SJVideoPlayer/Adapters
    - SJVideoPlayer/SJProgressSlider
    - SJVideoPlayer/Switcher
  - SJVideoPlayer/SJLoadFailedControlLayer (2.4.7):
    - Masonry
    - SJAttributesFactory
    - SJBaseVideoPlayer (>= 2.2.2)
    - SJVideoPlayer/SJNotReachableControlLayer
  - SJVideoPlayer/SJLoadingView (2.4.7):
    - Masonry
    - SJAttributesFactory
    - SJBaseVideoPlayer (>= 2.2.2)
  - SJVideoPlayer/SJMoreSettingControlLayer (2.4.7):
    - Masonry
    - SJAttributesFactory
    - SJBaseVideoPlayer (>= 2.2.2)
    - SJVideoPlayer/SJEdgeControlLayer
    - SJVideoPlayer/SJMoreSettingControlLayer/Core (= 2.4.7)
  - SJVideoPlayer/SJMoreSettingControlLayer/Core (2.4.7):
    - Masonry
    - SJAttributesFactory
    - SJBaseVideoPlayer (>= 2.2.2)
    - SJVideoPlayer/SJEdgeControlLayer
  - SJVideoPlayer/SJNotReachableControlLayer (2.4.7):
    - Masonry
    - SJAttributesFactory
    - SJBaseVideoPlayer (>= 2.2.2)
    - SJVideoPlayer/SJEdgeControlLayer
  - SJVideoPlayer/SJProgressSlider (2.4.7):
    - Masonry
    - SJAttributesFactory
    - SJBaseVideoPlayer (>= 2.2.2)
  - SJVideoPlayer/Switcher (2.4.7):
    - Masonry
    - SJAttributesFactory
    - SJBaseVideoPlayer (>= 2.2.2)
  - SQLite.swift (0.11.5):
    - SQLite.swift/standard (= 0.11.5)
  - SQLite.swift/standard (0.11.5)
  - SwiftyUserDefaults (3.0.1)
  - TextFieldEffects (1.5.1)
  - YYCache (1.0.4)
  - YYImage (1.0.4):
    - YYImage/Core (= 1.0.4)
  - YYImage/Core (1.0.4)
  - YYWebImage (1.0.5):
    - YYCache
    - YYImage

DEPENDENCIES:
  - Alamofire
  - Charts
  - CLImagePickerTool
  - HandyJSON (from `https://github.com/alibaba/HandyJSON.git`, branch `dev_for_swift5.0`)
  - Hero
  - IQKeyboardManagerSwift
  - Kingfisher
  - LTMorphingLabel
  - Masonry
  - MJRefresh
  - NVActivityIndicatorView
  - SJBaseVideoPlayer
  - SJVideoPlayer
  - SQLite.swift
  - SwiftyUserDefaults
  - TextFieldEffects
  - YYWebImage

SPEC REPOS:
  https://github.com/cocoapods/specs.git:
    - Alamofire
    - Charts
    - CLImagePickerTool
    - Hero
    - IQKeyboardManagerSwift
    - Kingfisher
    - LTMorphingLabel
    - Masonry
    - MJRefresh
    - NVActivityIndicatorView
    - Reachability
    - SJAttributesFactory
    - SJBaseVideoPlayer
    - SJObserverHelper
    - SJVideoPlayer
    - SQLite.swift
    - SwiftyUserDefaults
    - TextFieldEffects
    - YYCache
    - YYImage
    - YYWebImage

EXTERNAL SOURCES:
  HandyJSON:
    :branch: dev_for_swift5.0
    :git: https://github.com/alibaba/HandyJSON.git

CHECKOUT OPTIONS:
  HandyJSON:
    :commit: a2ba4e537711ae1fcd9183679c4db878eb171a78
    :git: https://github.com/alibaba/HandyJSON.git

SPEC CHECKSUMS:
  Alamofire: 16ce2c353fb72865124ddae8a57c5942388f4f11
  Charts: f69cf0518b6d1d62608ca504248f1bbe0b6ae77e
  CLImagePickerTool: b29271f764fb0d52395d09447c78967cfc6f26f8
  HandyJSON: 582477127ab3ab65bd2e471815f1a7b846856978
  Hero: bac92350d7201a1a940003e0767c7b52ce7c99a1
  IQKeyboardManagerSwift: b07ccf9d8cafe993dcd6cb794eb4ba34611a0c4e
  Kingfisher: 07067cfacf371117330dceb4b4b8f5c4b691ab42
  LTMorphingLabel: c73ebfef9009c0a098546c29f566024442d1a91e
  Masonry: 678fab65091a9290e40e2832a55e7ab731aad201
  MJRefresh: 697f8ec75ebdbe9207767bb682cf0f51b0d8a41f
  NVActivityIndicatorView: 4ca19fccc84595a78957336a086d00a49be6ce61
  Reachability: 33e18b67625424e47b6cde6d202dce689ad7af96
  SJAttributesFactory: d5b670fd0930928ac1c6fb0b06653f92fefd640c
  SJBaseVideoPlayer: 90c3b278df7480c3530fa3580de16705b5bf32cc
  SJObserverHelper: baf589280961aeda14acb812ac68f289b753027f
  SJVideoPlayer: b50b872a93d386e5d5639915d6693b3a2549af11
  SQLite.swift: 6e5356850bb1791459f8c16d6ee9195b28714a2e
  SwiftyUserDefaults: 3d273b1739b68ada3145dc754a70ec775bc5c8be
  TextFieldEffects: 7d372f58aeaf9acd9626bbf962680aef926b085d
  YYCache: 8105b6638f5e849296c71f331ff83891a4942952
  YYImage: 1e1b62a9997399593e4b9c4ecfbbabbf1d3f3b54
  YYWebImage: 5f7f36aee2ae293f016d418c7d6ba05c4863e928

PODFILE CHECKSUM: d7ed1120076588e0b5cdbdf902c50a30ba375cf2

COCOAPODS: 1.6.1
